// !$*UTF8*$!
{
	archiveVersion = 1;
	classes = {
	};
	objectVersion = 50;
	objects = {

/* Begin PBXBuildFile section */
		7B0CD7F925676A4500A46A6C /* ReminderApp.swift in Sources */ = {isa = PBXBuildFile; fileRef = 7B0CD7F825676A4500A46A6C /* ReminderApp.swift */; };
		7B0CD7FB25676A4500A46A6C /* ReminderList.swift in Sources */ = {isa = PBXBuildFile; fileRef = 7B0CD7FA25676A4500A46A6C /* ReminderList.swift */; };
		7B0CD7FD25676A4800A46A6C /* Assets.xcassets in Resources */ = {isa = PBXBuildFile; fileRef = 7B0CD7FC25676A4800A46A6C /* Assets.xcassets */; };
		7B0CD80025676A4800A46A6C /* Preview Assets.xcassets in Resources */ = {isa = PBXBuildFile; fileRef = 7B0CD7FF25676A4800A46A6C /* Preview Assets.xcassets */; };
		7B0CD80A25676A8F00A46A6C /* Reminder.swift in Sources */ = {isa = PBXBuildFile; fileRef = 7B0CD80925676A8F00A46A6C /* Reminder.swift */; };
		7B0CD8552568B91D00A46A6C /* ReminderCell.swift in Sources */ = {isa = PBXBuildFile; fileRef = 7B0CD8542568B91D00A46A6C /* ReminderCell.swift */; };
		7B0CD8582568B9A300A46A6C /* ReminderManager.swift in Sources */ = {isa = PBXBuildFile; fileRef = 7B0CD8572568B9A300A46A6C /* ReminderManager.swift */; };
		7B0CD85C2568BBDF00A46A6C /* ReminderCellViewModel.swift in Sources */ = {isa = PBXBuildFile; fileRef = 7B0CD85B2568BBDF00A46A6C /* ReminderCellViewModel.swift */; };
/* End PBXBuildFile section */

/* Begin PBXFileReference section */
		7B0CD7F525676A4500A46A6C /* Reminder.app */ = {isa = PBXFileReference; explicitFileType = wrapper.application; includeInIndex = 0; path = Reminder.app; sourceTree = BUILT_PRODUCTS_DIR; };
		7B0CD7F825676A4500A46A6C /* ReminderApp.swift */ = {isa = PBXFileReference; lastKnownFileType = sourcecode.swift; path = ReminderApp.swift; sourceTree = "<group>"; };
		7B0CD7FA25676A4500A46A6C /* ReminderList.swift */ = {isa = PBXFileReference; lastKnownFileType = sourcecode.swift; path = ReminderList.swift; sourceTree = "<group>"; };
		7B0CD7FC25676A4800A46A6C /* Assets.xcassets */ = {isa = PBXFileReference; lastKnownFileType = folder.assetcatalog; path = Assets.xcassets; sourceTree = "<group>"; };
		7B0CD7FF25676A4800A46A6C /* Preview Assets.xcassets */ = {isa = PBXFileReference; lastKnownFileType = folder.assetcatalog; path = "Preview Assets.xcassets"; sourceTree = "<group>"; };
		7B0CD80125676A4800A46A6C /* Info.plist */ = {isa = PBXFileReference; lastKnownFileType = text.plist.xml; path = Info.plist; sourceTree = "<group>"; };
		7B0CD80925676A8F00A46A6C /* Reminder.swift */ = {isa = PBXFileReference; lastKnownFileType = sourcecode.swift; path = Reminder.swift; sourceTree = "<group>"; };
		7B0CD8542568B91D00A46A6C /* ReminderCell.swift */ = {isa = PBXFileReference; lastKnownFileType = sourcecode.swift; path = ReminderCell.swift; sourceTree = "<group>"; };
		7B0CD8572568B9A300A46A6C /* ReminderManager.swift */ = {isa = PBXFileReference; lastKnownFileType = sourcecode.swift; path = ReminderManager.swift; sourceTree = "<group>"; };
		7B0CD85B2568BBDF00A46A6C /* ReminderCellViewModel.swift */ = {isa = PBXFileReference; lastKnownFileType = sourcecode.swift; path = ReminderCellViewModel.swift; sourceTree = "<group>"; };
/* End PBXFileReference section */

/* Begin PBXFrameworksBuildPhase section */
		7B0CD7F225676A4500A46A6C /* Frameworks */ = {
			isa = PBXFrameworksBuildPhase;
			buildActionMask = 2147483647;
			files = (
			);
			runOnlyForDeploymentPostprocessing = 0;
		};
/* End PBXFrameworksBuildPhase section */

/* Begin PBXGroup section */
		7B0CD7EC25676A4500A46A6C = {
			isa = PBXGroup;
			children = (
				7B0CD7F725676A4500A46A6C /* Reminder */,
				7B0CD7F625676A4500A46A6C /* Products */,
			);
			sourceTree = "<group>";
		};
		7B0CD7F625676A4500A46A6C /* Products */ = {
			isa = PBXGroup;
			children = (
				7B0CD7F525676A4500A46A6C /* Reminder.app */,
			);
			name = Products;
			sourceTree = "<group>";
		};
		7B0CD7F725676A4500A46A6C /* Reminder */ = {
			isa = PBXGroup;
			children = (
				7B0CD85A2568BBC400A46A6C /* ViewModel */,
				7B0CD8532568B90D00A46A6C /* View */,
				7B0CD80825676A6D00A46A6C /* Model */,
				7B0CD7F825676A4500A46A6C /* ReminderApp.swift */,
				7B0CD7FC25676A4800A46A6C /* Assets.xcassets */,
				7B0CD80125676A4800A46A6C /* Info.plist */,
				7B0CD7FE25676A4800A46A6C /* Preview Content */,
			);
			path = Reminder;
			sourceTree = "<group>";
		};
		7B0CD7FE25676A4800A46A6C /* Preview Content */ = {
			isa = PBXGroup;
			children = (
				7B0CD7FF25676A4800A46A6C /* Preview Assets.xcassets */,
			);
			path = "Preview Content";
			sourceTree = "<group>";
		};
		7B0CD80825676A6D00A46A6C /* Model */ = {
			isa = PBXGroup;
			children = (
				7B0CD80925676A8F00A46A6C /* Reminder.swift */,
			);
			path = Model;
			sourceTree = "<group>";
		};
		7B0CD8532568B90D00A46A6C /* View */ = {
			isa = PBXGroup;
			children = (
				7B0CD8542568B91D00A46A6C /* ReminderCell.swift */,
				7B0CD7FA25676A4500A46A6C /* ReminderList.swift */,
			);
			path = View;
			sourceTree = "<group>";
		};
		7B0CD85A2568BBC400A46A6C /* ViewModel */ = {
			isa = PBXGroup;
			children = (
				7B0CD8572568B9A300A46A6C /* ReminderManager.swift */,
				7B0CD85B2568BBDF00A46A6C /* ReminderCellViewModel.swift */,
			);
			path = ViewModel;
			sourceTree = "<group>";
		};
/* End PBXGroup section */

/* Begin PBXNativeTarget section */
		7B0CD7F425676A4500A46A6C /* Reminder */ = {
			isa = PBXNativeTarget;
			buildConfigurationList = 7B0CD80425676A4800A46A6C /* Build configuration list for PBXNativeTarget "Reminder" */;
			buildPhases = (
				7B0CD7F125676A4500A46A6C /* Sources */,
				7B0CD7F225676A4500A46A6C /* Frameworks */,
				7B0CD7F325676A4500A46A6C /* Resources */,
			);
			buildRules = (
			);
			dependencies = (
			);
			name = Reminder;
			productName = Reminder;
			productReference = 7B0CD7F525676A4500A46A6C /* Reminder.app */;
			productType = "com.apple.product-type.application";
		};
/* End PBXNativeTarget section */

/* Begin PBXProject section */
		7B0CD7ED25676A4500A46A6C /* Project object */ = {
			isa = PBXProject;
			attributes = {
				LastSwiftUpdateCheck = 1220;
				LastUpgradeCheck = 1220;
				TargetAttributes = {
					7B0CD7F425676A4500A46A6C = {
						CreatedOnToolsVersion = 12.2;
					};
				};
			};
			buildConfigurationList = 7B0CD7F025676A4500A46A6C /* Build configuration list for PBXProject "Reminder" */;
			compatibilityVersion = "Xcode 9.3";
			developmentRegion = en;
			hasScannedForEncodings = 0;
			knownRegions = (
				en,
				Base,
			);
			mainGroup = 7B0CD7EC25676A4500A46A6C;
			productRefGroup = 7B0CD7F625676A4500A46A6C /* Products */;
			projectDirPath = "";
			projectRoot = "";
			targets = (
				7B0CD7F425676A4500A46A6C /* Reminder */,
			);
		};
/* End PBXProject section */

/* Begin PBXResourcesBuildPhase section */
		7B0CD7F325676A4500A46A6C /* Resources */ = {
			isa = PBXResourcesBuildPhase;
			buildActionMask = 2147483647;
			files = (
				7B0CD80025676A4800A46A6C /* Preview Assets.xcassets in Resources */,
				7B0CD7FD25676A4800A46A6C /* Assets.xcassets in Resources */,
			);
			runOnlyForDeploymentPostprocessing = 0;
		};
/* End PBXResourcesBuildPhase section */

/* Begin PBXSourcesBuildPhase section */
		7B0CD7F125676A4500A46A6C /* Sources */ = {
			isa = PBXSourcesBuildPhase;
			buildActionMask = 2147483647;
			files = (
				7B0CD85C2568BBDF00A46A6C /* ReminderCellViewModel.swift in Sources */,
				7B0CD80A25676A8F00A46A6C /* Reminder.swift in Sources */,
				7B0CD8582568B9A300A46A6C /* ReminderManager.swift in Sources */,
				7B0CD7FB25676A4500A46A6C /* ReminderList.swift in Sources */,
				7B0CD7F925676A4500A46A6C /* ReminderApp.swift in Sources */,
				7B0CD8552568B91D00A46A6C /* ReminderCell.swift in Sources */,
			);
			runOnlyForDeploymentPostprocessing = 0;
		};
/* End PBXSourcesBuildPhase section */

/* Begin XCBuildConfiguration section */
		7B0CD80225676A4800A46A6C /* Debug */ = {
			isa = XCBuildConfiguration;
			buildSettings = {
				ALWAYS_SEARCH_USER_PATHS = NO;
				CLANG_ANALYZER_NONNULL = YES;
				CLANG_ANALYZER_NUMBER_OBJECT_CONVERSION = YES_AGGRESSIVE;
				CLANG_CXX_LANGUAGE_STANDARD = "gnu++14";
				CLANG_CXX_LIBRARY = "libc++";
				CLANG_ENABLE_MODULES = YES;
				CLANG_ENABLE_OBJC_ARC = YES;
				CLANG_ENABLE_OBJC_WEAK = YES;
				CLANG_WARN_BLOCK_CAPTURE_AUTORELEASING = YES;
				CLANG_WARN_BOOL_CONVERSION = YES;
				CLANG_WARN_COMMA = YES;
				CLANG_WARN_CONSTANT_CONVERSION = YES;
				CLANG_WARN_DEPRECATED_OBJC_IMPLEMENTATIONS = YES;
				CLANG_WARN_DIRECT_OBJC_ISA_USAGE = YES_ERROR;
				CLANG_WARN_DOCUMENTATION_COMMENTS = YES;
				CLANG_WARN_EMPTY_BODY = YES;
				CLANG_WARN_ENUM_CONVERSION = YES;
				CLANG_WARN_INFINITE_RECURSION = YES;
				CLANG_WARN_INT_CONVERSION = YES;
				CLANG_WARN_NON_LITERAL_NULL_CONVERSION = YES;
				CLANG_WARN_OBJC_IMPLICIT_RETAIN_SELF = YES;
				CLANG_WARN_OBJC_LITERAL_CONVERSION = YES;
				CLANG_WARN_OBJC_ROOT_CLASS = YES_ERROR;
				CLANG_WARN_QUOTED_INCLUDE_IN_FRAMEWORK_HEADER = YES;
				CLANG_WARN_RANGE_LOOP_ANALYSIS = YES;
				CLANG_WARN_STRICT_PROTOTYPES = YES;
				CLANG_WARN_SUSPICIOUS_MOVE = YES;
				CLANG_WARN_UNGUARDED_AVAILABILITY = YES_AGGRESSIVE;
				CLANG_WARN_UNREACHABLE_CODE = YES;
				CLANG_WARN__DUPLICATE_METHOD_MATCH = YES;
				COPY_PHASE_STRIP = NO;
				DEBUG_INFORMATION_FORMAT = dwarf;
				ENABLE_STRICT_OBJC_MSGSEND = YES;
				ENABLE_TESTABILITY = YES;
				GCC_C_LANGUAGE_STANDARD = gnu11;
				GCC_DYNAMIC_NO_PIC = NO;
				GCC_NO_COMMON_BLOCKS = YES;
				GCC_OPTIMIZATION_LEVEL = 0;
				GCC_PREPROCESSOR_DEFINITIONS = (
					"DEBUG=1",
					"$(inherited)",
				);
				GCC_WARN_64_TO_32_BIT_CONVERSION = YES;
				GCC_WARN_ABOUT_RETURN_TYPE = YES_ERROR;
				GCC_WARN_UNDECLARED_SELECTOR = YES;
				GCC_WARN_UNINITIALIZED_AUTOS = YES_AGGRESSIVE;
				GCC_WARN_UNUSED_FUNCTION = YES;
				GCC_WARN_UNUSED_VARIABLE = YES;
				IPHONEOS_DEPLOYMENT_TARGET = 14.2;
				MTL_ENABLE_DEBUG_INFO = INCLUDE_SOURCE;
				MTL_FAST_MATH = YES;
				ONLY_ACTIVE_ARCH = YES;
				SDKROOT = iphoneos;
				SWIFT_ACTIVE_COMPILATION_CONDITIONS = DEBUG;
				SWIFT_OPTIMIZATION_LEVEL = "-Onone";
			};
			name = Debug;
		};
		7B0CD80325676A4800A46A6C /* Release */ = {
			isa = XCBuildConfiguration;
			buildSettings = {
				ALWAYS_SEARCH_USER_PATHS = NO;
				CLANG_ANALYZER_NONNULL = YES;
				CLANG_ANALYZER_NUMBER_OBJECT_CONVERSION = YES_AGGRESSIVE;
				CLANG_CXX_LANGUAGE_STANDARD = "gnu++14";
				CLANG_CXX_LIBRARY = "libc++";
				CLANG_ENABLE_MODULES = YES;
				CLANG_ENABLE_OBJC_ARC = YES;
				CLANG_ENABLE_OBJC_WEAK = YES;
				CLANG_WARN_BLOCK_CAPTURE_AUTORELEASING = YES;
				CLANG_WARN_BOOL_CONVERSION = YES;
				CLANG_WARN_COMMA = YES;
				CLANG_WARN_CONSTANT_CONVERSION = YES;
				CLANG_WARN_DEPRECATED_OBJC_IMPLEMENTATIONS = YES;
				CLANG_WARN_DIRECT_OBJC_ISA_USAGE = YES_ERROR;
				CLANG_WARN_DOCUMENTATION_COMMENTS = YES;
				CLANG_WARN_EMPTY_BODY = YES;
				CLANG_WARN_ENUM_CONVERSION = YES;
				CLANG_WARN_INFINITE_RECURSION = YES;
				CLANG_WARN_INT_CONVERSION = YES;
				CLANG_WARN_NON_LITERAL_NULL_CONVERSION = YES;
				CLANG_WARN_OBJC_IMPLICIT_RETAIN_SELF = YES;
				CLANG_WARN_OBJC_LITERAL_CONVERSION = YES;
				CLANG_WARN_OBJC_ROOT_CLASS = YES_ERROR;
				CLANG_WARN_QUOTED_INCLUDE_IN_FRAMEWORK_HEADER = YES;
				CLANG_WARN_RANGE_LOOP_ANALYSIS = YES;
				CLANG_WARN_STRICT_PROTOTYPES = YES;
				CLANG_WARN_SUSPICIOUS_MOVE = YES;
				CLANG_WARN_UNGUARDED_AVAILABILITY = YES_AGGRESSIVE;
				CLANG_WARN_UNREACHABLE_CODE = YES;
				CLANG_WARN__DUPLICATE_METHOD_MATCH = YES;
				COPY_PHASE_STRIP = NO;
				DEBUG_INFORMATION_FORMAT = "dwarf-with-dsym";
				ENABLE_NS_ASSERTIONS = NO;
				ENABLE_STRICT_OBJC_MSGSEND = YES;
				GCC_C_LANGUAGE_STANDARD = gnu11;
				GCC_NO_COMMON_BLOCKS = YES;
				GCC_WARN_64_TO_32_BIT_CONVERSION = YES;
				GCC_WARN_ABOUT_RETURN_TYPE = YES_ERROR;
				GCC_WARN_UNDECLARED_SELECTOR = YES;
				GCC_WARN_UNINITIALIZED_AUTOS = YES_AGGRESSIVE;
				GCC_WARN_UNUSED_FUNCTION = YES;
				GCC_WARN_UNUSED_VARIABLE = YES;
				IPHONEOS_DEPLOYMENT_TARGET = 14.2;
				MTL_ENABLE_DEBUG_INFO = NO;
				MTL_FAST_MATH = YES;
				SDKROOT = iphoneos;
				SWIFT_COMPILATION_MODE = wholemodule;
				SWIFT_OPTIMIZATION_LEVEL = "-O";
				VALIDATE_PRODUCT = YES;
			};
			name = Release;
		};
		7B0CD80525676A4800A46A6C /* Debug */ = {
			isa = XCBuildConfiguration;
			buildSettings = {
				ASSETCATALOG_COMPILER_APPICON_NAME = AppIcon;
				ASSETCATALOG_COMPILER_GLOBAL_ACCENT_COLOR_NAME = AccentColor;
				CODE_SIGN_STYLE = Automatic;
				DEVELOPMENT_ASSET_PATHS = "\"Reminder/Preview Content\"";
				DEVELOPMENT_TEAM = L8W86DZDY2;
				ENABLE_PREVIEWS = YES;
				INFOPLIST_FILE = Reminder/Info.plist;
				IPHONEOS_DEPLOYMENT_TARGET = 14.0;
				LD_RUNPATH_SEARCH_PATHS = (
					"$(inherited)",
					"@executable_path/Frameworks",
				);
				PRODUCT_BUNDLE_IDENTIFIER = com.ri.Reminder;
				PRODUCT_NAME = "$(TARGET_NAME)";
				SWIFT_VERSION = 5.0;
				TARGETED_DEVICE_FAMILY = "1,2";
			};
			name = Debug;
		};
		7B0CD80625676A4800A46A6C /* Release */ = {
			isa = XCBuildConfiguration;
			buildSettings = {
				ASSETCATALOG_COMPILER_APPICON_NAME = AppIcon;
				ASSETCATALOG_COMPILER_GLOBAL_ACCENT_COLOR_NAME = AccentColor;
				CODE_SIGN_STYLE = Automatic;
				DEVELOPMENT_ASSET_PATHS = "\"Reminder/Preview Content\"";
				DEVELOPMENT_TEAM = L8W86DZDY2;
				ENABLE_PREVIEWS = YES;
				INFOPLIST_FILE = Reminder/Info.plist;
				IPHONEOS_DEPLOYMENT_TARGET = 14.0;
				LD_RUNPATH_SEARCH_PATHS = (
					"$(inherited)",
					"@executable_path/Frameworks",
				);
				PRODUCT_BUNDLE_IDENTIFIER = com.ri.Reminder;
				PRODUCT_NAME = "$(TARGET_NAME)";
				SWIFT_VERSION = 5.0;
				TARGETED_DEVICE_FAMILY = "1,2";
			};
			name = Release;
		};
/* End XCBuildConfiguration section */

/* Begin XCConfigurationList section */
		7B0CD7F025676A4500A46A6C /* Build configuration list for PBXProject "Reminder" */ = {
			isa = XCConfigurationList;
			buildConfigurations = (
				7B0CD80225676A4800A46A6C /* Debug */,
				7B0CD80325676A4800A46A6C /* Release */,
			);
			defaultConfigurationIsVisible = 0;
			defaultConfigurationName = Release;
		};
		7B0CD80425676A4800A46A6C /* Build configuration list for PBXNativeTarget "Reminder" */ = {
			isa = XCConfigurationList;
			buildConfigurations = (
				7B0CD80525676A4800A46A6C /* Debug */,
				7B0CD80625676A4800A46A6C /* Release */,
			);
			defaultConfigurationIsVisible = 0;
			defaultConfigurationName = Release;
		};
/* End XCConfigurationList section */
	};
	rootObject = 7B0CD7ED25676A4500A46A6C /* Project object */;
}
